<?xml version="1.0" encoding="UTF-8" standalone="yes" ?>
<CodeBlocks_project_file>
	<FileVersion major="1" minor="6" />
	<Project>
		<Option title="MidiLearn Unix" />
		<Option pch_mode="2" />
		<Option compiler="gcc" />
		<Build>
			<Target title="Debug">
				<Option output="bin/Debug/MidiLearn" prefix_auto="1" extension_auto="1" />
				<Option object_output="obj/Debug/" />
				<Option type="0" />
				<Option compiler="gcc" />
				<Option projectLinkerOptionsRelation="2" />
				<Compiler>
					<Add option="-g" />
					<Add option="-D__WXDEBUG__" />
					<Add directory="$(#wx.include_debug)" />
				</Compiler>
				<ResourceCompiler>
					<Add directory="$(#wx)/lib/gcc_lib/mswu" />
				</ResourceCompiler>
				<Linker>
					<Add library="wx_gtk2ud-2.8" />
					<Add library="libwxtiff-2.8.a" />
				</Linker>
			</Target>
			<Target title="Release">
				<Option output="bin/Release/MidiLearn" prefix_auto="1" extension_auto="1" />
				<Option object_output="obj/Release/" />
				<Option type="0" />
				<Option compiler="gcc" />
				<Option projectLinkerOptionsRelation="2" />
				<Compiler>
					<Add option="-O2" />
					<Add directory="$(#wx.include_release)" />
				</Compiler>
				<ResourceCompiler>
					<Add directory="$(#wx)/lib/gcc_lib/mswu" />
				</ResourceCompiler>
				<Linker>
					<Add option="-s" />
					<Add library="wx_gtk2u-2.8" />
					<Add library="libwxtiff-2.8.a" />
				</Linker>
			</Target>
		</Build>
		<Compiler>
			<Add option="-Wall" />
			<Add option="$(#os.cflags)" />
			<Add option="$(#os_gui.cflags)" />
			<Add option="-D__WXGTK__" />
			<Add option="-DwxUSE_UNICODE" />
			<Add directory="$(#wx.include)" />
			<Add directory="$(#tse3.include)" />
		</Compiler>
		<ResourceCompiler>
			<Add directory="$(#wx)/include" />
		</ResourceCompiler>
		<Linker>
			<Add option="$(#os.lflags)" />
			<Add option="$(#os_gui.lflags)" />
			<Add library="tse3" />
			<Add library="asound" />
			<Add directory="$(#wx.lib)" />
			<Add directory="$(#tse3.lib)" />
		</Linker>
		<Unit filename="src/Dlg_Port.cpp" />
		<Unit filename="src/Dlg_Port.h" />
		<Unit filename="src/MidiLearnApp.cpp" />
		<Unit filename="src/MidiLearnApp.h" />
		<Unit filename="src/MidiLearnMain.cpp" />
		<Unit filename="src/MidiLearnMain.h" />
		<Unit filename="src/ctl_miditrack.cpp" />
		<Unit filename="src/ctl_miditrack.h" />
		<Extensions>
			<code_completion />
			<envvars />
			<debugger />
		</Extensions>
	</Project>
</CodeBlocks_project_file>
